// !$*UTF8*$!
{
	archiveVersion = 1;
	classes = {
	};
	objectVersion = 46;
	objects = {

/* Begin PBXBuildFile section */
		F236279C1C5958E500E4AAB3 /* main.m in Sources */ = {isa = PBXBuildFile; fileRef = F236279B1C5958E500E4AAB3 /* main.m */; };
		F236279F1C5958E500E4AAB3 /* AppDelegate.m in Sources */ = {isa = PBXBuildFile; fileRef = F236279E1C5958E500E4AAB3 /* AppDelegate.m */; };
		F23627A21C5958E500E4AAB3 /* Home.m in Sources */ = {isa = PBXBuildFile; fileRef = F23627A11C5958E500E4AAB3 /* Home.m */; };
		F23627A51C5958E500E4AAB3 /* Main.storyboard in Resources */ = {isa = PBXBuildFile; fileRef = F23627A31C5958E500E4AAB3 /* Main.storyboard */; };
		F23627A71C5958E500E4AAB3 /* Assets.xcassets in Resources */ = {isa = PBXBuildFile; fileRef = F23627A61C5958E500E4AAB3 /* Assets.xcassets */; };
		F23627AA1C5958E500E4AAB3 /* LaunchScreen.storyboard in Resources */ = {isa = PBXBuildFile; fileRef = F23627A81C5958E500E4AAB3 /* LaunchScreen.storyboard */; };
		F23627B51C59594A00E4AAB3 /* CAPSPageMenu.m in Sources */ = {isa = PBXBuildFile; fileRef = F23627B41C59594A00E4AAB3 /* CAPSPageMenu.m */; };
		F23627BD1C595E8100E4AAB3 /* Tweets.m in Sources */ = {isa = PBXBuildFile; fileRef = F23627BB1C595E8100E4AAB3 /* Tweets.m */; };
		F23627BE1C595E8100E4AAB3 /* Tweets.xib in Resources */ = {isa = PBXBuildFile; fileRef = F23627BC1C595E8100E4AAB3 /* Tweets.xib */; };
		F23627C11C595FA300E4AAB3 /* 2016072.jpg in Resources */ = {isa = PBXBuildFile; fileRef = F23627C01C595FA300E4AAB3 /* 2016072.jpg */; };
		F23627C51C597CB200E4AAB3 /* TwitCell.m in Sources */ = {isa = PBXBuildFile; fileRef = F23627C31C597CB200E4AAB3 /* TwitCell.m */; };
		F23627C61C597CB200E4AAB3 /* TwitCell.xib in Resources */ = {isa = PBXBuildFile; fileRef = F23627C41C597CB200E4AAB3 /* TwitCell.xib */; };
		F23627CB1C59823600E4AAB3 /* Collage.m in Sources */ = {isa = PBXBuildFile; fileRef = F23627C91C59823600E4AAB3 /* Collage.m */; };
		F23627CC1C59823600E4AAB3 /* Collage.xib in Resources */ = {isa = PBXBuildFile; fileRef = F23627CA1C59823600E4AAB3 /* Collage.xib */; };
		F23627CE1C5982AD00E4AAB3 /* Scarlett-Johansson.jpg in Resources */ = {isa = PBXBuildFile; fileRef = F23627CD1C5982AD00E4AAB3 /* Scarlett-Johansson.jpg */; };
		F23627D01C5983E900E4AAB3 /* jennifer-lawrence.jpg in Resources */ = {isa = PBXBuildFile; fileRef = F23627CF1C5983E900E4AAB3 /* jennifer-lawrence.jpg */; };
/* End PBXBuildFile section */

/* Begin PBXFileReference section */
		F23627971C5958E500E4AAB3 /* Paging.app */ = {isa = PBXFileReference; explicitFileType = wrapper.application; includeInIndex = 0; path = Paging.app; sourceTree = BUILT_PRODUCTS_DIR; };
		F236279B1C5958E500E4AAB3 /* main.m */ = {isa = PBXFileReference; lastKnownFileType = sourcecode.c.objc; path = main.m; sourceTree = "<group>"; };
		F236279D1C5958E500E4AAB3 /* AppDelegate.h */ = {isa = PBXFileReference; lastKnownFileType = sourcecode.c.h; path = AppDelegate.h; sourceTree = "<group>"; };
		F236279E1C5958E500E4AAB3 /* AppDelegate.m */ = {isa = PBXFileReference; lastKnownFileType = sourcecode.c.objc; path = AppDelegate.m; sourceTree = "<group>"; };
		F23627A01C5958E500E4AAB3 /* Home.h */ = {isa = PBXFileReference; lastKnownFileType = sourcecode.c.h; path = Home.h; sourceTree = "<group>"; };
		F23627A11C5958E500E4AAB3 /* Home.m */ = {isa = PBXFileReference; lastKnownFileType = sourcecode.c.objc; path = Home.m; sourceTree = "<group>"; };
		F23627A41C5958E500E4AAB3 /* Base */ = {isa = PBXFileReference; lastKnownFileType = file.storyboard; name = Base; path = Base.lproj/Main.storyboard; sourceTree = "<group>"; };
		F23627A61C5958E500E4AAB3 /* Assets.xcassets */ = {isa = PBXFileReference; lastKnownFileType = folder.assetcatalog; path = Assets.xcassets; sourceTree = "<group>"; };
		F23627A91C5958E500E4AAB3 /* Base */ = {isa = PBXFileReference; lastKnownFileType = file.storyboard; name = Base; path = Base.lproj/LaunchScreen.storyboard; sourceTree = "<group>"; };
		F23627AB1C5958E500E4AAB3 /* Info.plist */ = {isa = PBXFileReference; lastKnownFileType = text.plist.xml; path = Info.plist; sourceTree = "<group>"; };
		F23627B31C59594A00E4AAB3 /* CAPSPageMenu.h */ = {isa = PBXFileReference; fileEncoding = 4; lastKnownFileType = sourcecode.c.h; path = CAPSPageMenu.h; sourceTree = "<group>"; };
		F23627B41C59594A00E4AAB3 /* CAPSPageMenu.m */ = {isa = PBXFileReference; fileEncoding = 4; lastKnownFileType = sourcecode.c.objc; path = CAPSPageMenu.m; sourceTree = "<group>"; };
		F23627BA1C595E8100E4AAB3 /* Tweets.h */ = {isa = PBXFileReference; fileEncoding = 4; lastKnownFileType = sourcecode.c.h; name = Tweets.h; path = Controllers/Tweets/Tweets.h; sourceTree = "<group>"; };
		F23627BB1C595E8100E4AAB3 /* Tweets.m */ = {isa = PBXFileReference; fileEncoding = 4; lastKnownFileType = sourcecode.c.objc; name = Tweets.m; path = Controllers/Tweets/Tweets.m; sourceTree = "<group>"; };
		F23627BC1C595E8100E4AAB3 /* Tweets.xib */ = {isa = PBXFileReference; fileEncoding = 4; lastKnownFileType = file.xib; name = Tweets.xib; path = Controllers/Tweets/Tweets.xib; sourceTree = "<group>"; };
		F23627C01C595FA300E4AAB3 /* 2016072.jpg */ = {isa = PBXFileReference; lastKnownFileType = image.jpeg; path = 2016072.jpg; sourceTree = "<group>"; };
		F23627C21C597CB200E4AAB3 /* TwitCell.h */ = {isa = PBXFileReference; fileEncoding = 4; lastKnownFileType = sourcecode.c.h; name = TwitCell.h; path = Controllers/Tweets/TwitCell.h; sourceTree = "<group>"; };
		F23627C31C597CB200E4AAB3 /* TwitCell.m */ = {isa = PBXFileReference; fileEncoding = 4; lastKnownFileType = sourcecode.c.objc; name = TwitCell.m; path = Controllers/Tweets/TwitCell.m; sourceTree = "<group>"; };
		F23627C41C597CB200E4AAB3 /* TwitCell.xib */ = {isa = PBXFileReference; fileEncoding = 4; lastKnownFileType = file.xib; name = TwitCell.xib; path = Controllers/Tweets/TwitCell.xib; sourceTree = "<group>"; };
		F23627C81C59823600E4AAB3 /* Collage.h */ = {isa = PBXFileReference; fileEncoding = 4; lastKnownFileType = sourcecode.c.h; name = Collage.h; path = Controllers/Collage/Collage.h; sourceTree = "<group>"; };
		F23627C91C59823600E4AAB3 /* Collage.m */ = {isa = PBXFileReference; fileEncoding = 4; lastKnownFileType = sourcecode.c.objc; name = Collage.m; path = Controllers/Collage/Collage.m; sourceTree = "<group>"; };
		F23627CA1C59823600E4AAB3 /* Collage.xib */ = {isa = PBXFileReference; fileEncoding = 4; lastKnownFileType = file.xib; name = Collage.xib; path = Controllers/Collage/Collage.xib; sourceTree = "<group>"; };
		F23627CD1C5982AD00E4AAB3 /* Scarlett-Johansson.jpg */ = {isa = PBXFileReference; lastKnownFileType = image.jpeg; path = "Scarlett-Johansson.jpg"; sourceTree = "<group>"; };
		F23627CF1C5983E900E4AAB3 /* jennifer-lawrence.jpg */ = {isa = PBXFileReference; lastKnownFileType = image.jpeg; path = "jennifer-lawrence.jpg"; sourceTree = "<group>"; };
/* End PBXFileReference section */

/* Begin PBXFrameworksBuildPhase section */
		F23627941C5958E500E4AAB3 /* Frameworks */ = {
			isa = PBXFrameworksBuildPhase;
			buildActionMask = 2147483647;
			files = (
			);
			runOnlyForDeploymentPostprocessing = 0;
		};
/* End PBXFrameworksBuildPhase section */

/* Begin PBXGroup section */
		F236278E1C5958E500E4AAB3 = {
			isa = PBXGroup;
			children = (
				F23627991C5958E500E4AAB3 /* Paging */,
				F23627981C5958E500E4AAB3 /* Products */,
			);
			sourceTree = "<group>";
		};
		F23627981C5958E500E4AAB3 /* Products */ = {
			isa = PBXGroup;
			children = (
				F23627971C5958E500E4AAB3 /* Paging.app */,
			);
			name = Products;
			sourceTree = "<group>";
		};
		F23627991C5958E500E4AAB3 /* Paging */ = {
			isa = PBXGroup;
			children = (
				F23627BF1C595F8900E4AAB3 /* Media */,
				F23627B71C595D5300E4AAB3 /* Controllers */,
				F23627B61C595D4800E4AAB3 /* Main */,
				F23627B11C5958ED00E4AAB3 /* Libraries */,
				F23627A31C5958E500E4AAB3 /* Main.storyboard */,
				F23627A61C5958E500E4AAB3 /* Assets.xcassets */,
				F23627A81C5958E500E4AAB3 /* LaunchScreen.storyboard */,
				F23627AB1C5958E500E4AAB3 /* Info.plist */,
				F236279A1C5958E500E4AAB3 /* Supporting Files */,
			);
			path = Paging;
			sourceTree = "<group>";
		};
		F236279A1C5958E500E4AAB3 /* Supporting Files */ = {
			isa = PBXGroup;
			children = (
				F236279B1C5958E500E4AAB3 /* main.m */,
			);
			name = "Supporting Files";
			sourceTree = "<group>";
		};
		F23627B11C5958ED00E4AAB3 /* Libraries */ = {
			isa = PBXGroup;
			children = (
				F23627B21C59594A00E4AAB3 /* CAPSPageMenu */,
			);
			name = Libraries;
			sourceTree = "<group>";
		};
		F23627B21C59594A00E4AAB3 /* CAPSPageMenu */ = {
			isa = PBXGroup;
			children = (
				F23627B31C59594A00E4AAB3 /* CAPSPageMenu.h */,
				F23627B41C59594A00E4AAB3 /* CAPSPageMenu.m */,
			);
			name = CAPSPageMenu;
			path = Libs/CAPSPageMenu;
			sourceTree = "<group>";
		};
		F23627B61C595D4800E4AAB3 /* Main */ = {
			isa = PBXGroup;
			children = (
				F236279D1C5958E500E4AAB3 /* AppDelegate.h */,
				F236279E1C5958E500E4AAB3 /* AppDelegate.m */,
			);
			name = Main;
			sourceTree = "<group>";
		};
		F23627B71C595D5300E4AAB3 /* Controllers */ = {
			isa = PBXGroup;
			children = (
				F23627C71C59821800E4AAB3 /* Collage */,
				F23627B91C595E4200E4AAB3 /* Tweets */,
				F23627B81C595D6900E4AAB3 /* Home */,
			);
			name = Controllers;
			sourceTree = "<group>";
		};
		F23627B81C595D6900E4AAB3 /* Home */ = {
			isa = PBXGroup;
			children = (
				F23627A01C5958E500E4AAB3 /* Home.h */,
				F23627A11C5958E500E4AAB3 /* Home.m */,
			);
			name = Home;
			sourceTree = "<group>";
		};
		F23627B91C595E4200E4AAB3 /* Tweets */ = {
			isa = PBXGroup;
			children = (
				F23627BA1C595E8100E4AAB3 /* Tweets.h */,
				F23627BB1C595E8100E4AAB3 /* Tweets.m */,
				F23627BC1C595E8100E4AAB3 /* Tweets.xib */,
				F23627C21C597CB200E4AAB3 /* TwitCell.h */,
				F23627C31C597CB200E4AAB3 /* TwitCell.m */,
				F23627C41C597CB200E4AAB3 /* TwitCell.xib */,
			);
			name = Tweets;
			sourceTree = "<group>";
		};
		F23627BF1C595F8900E4AAB3 /* Media */ = {
			isa = PBXGroup;
			children = (
				F23627CF1C5983E900E4AAB3 /* jennifer-lawrence.jpg */,
				F23627CD1C5982AD00E4AAB3 /* Scarlett-Johansson.jpg */,
				F23627C01C595FA300E4AAB3 /* 2016072.jpg */,
			);
			name = Media;
			sourceTree = "<group>";
		};
		F23627C71C59821800E4AAB3 /* Collage */ = {
			isa = PBXGroup;
			children = (
				F23627C81C59823600E4AAB3 /* Collage.h */,
				F23627C91C59823600E4AAB3 /* Collage.m */,
				F23627CA1C59823600E4AAB3 /* Collage.xib */,
			);
			name = Collage;
			sourceTree = "<group>";
		};
/* End PBXGroup section */

/* Begin PBXNativeTarget section */
		F23627961C5958E500E4AAB3 /* Paging */ = {
			isa = PBXNativeTarget;
			buildConfigurationList = F23627AE1C5958E500E4AAB3 /* Build configuration list for PBXNativeTarget "Paging" */;
			buildPhases = (
				F23627931C5958E500E4AAB3 /* Sources */,
				F23627941C5958E500E4AAB3 /* Frameworks */,
				F23627951C5958E500E4AAB3 /* Resources */,
			);
			buildRules = (
			);
			dependencies = (
			);
			name = Paging;
			productName = Paging;
			productReference = F23627971C5958E500E4AAB3 /* Paging.app */;
			productType = "com.apple.product-type.application";
		};
/* End PBXNativeTarget section */

/* Begin PBXProject section */
		F236278F1C5958E500E4AAB3 /* Project object */ = {
			isa = PBXProject;
			attributes = {
				LastUpgradeCheck = 0720;
				ORGANIZATIONNAME = "Galileo Guzman";
				TargetAttributes = {
					F23627961C5958E500E4AAB3 = {
						CreatedOnToolsVersion = 7.2;
					};
				};
			};
			buildConfigurationList = F23627921C5958E500E4AAB3 /* Build configuration list for PBXProject "Paging" */;
			compatibilityVersion = "Xcode 3.2";
			developmentRegion = English;
			hasScannedForEncodings = 0;
			knownRegions = (
				en,
				Base,
			);
			mainGroup = F236278E1C5958E500E4AAB3;
			productRefGroup = F23627981C5958E500E4AAB3 /* Products */;
			projectDirPath = "";
			projectRoot = "";
			targets = (
				F23627961C5958E500E4AAB3 /* Paging */,
			);
		};
/* End PBXProject section */

/* Begin PBXResourcesBuildPhase section */
		F23627951C5958E500E4AAB3 /* Resources */ = {
			isa = PBXResourcesBuildPhase;
			buildActionMask = 2147483647;
			files = (
				F23627C11C595FA300E4AAB3 /* 2016072.jpg in Resources */,
				F23627D01C5983E900E4AAB3 /* jennifer-lawrence.jpg in Resources */,
				F23627CC1C59823600E4AAB3 /* Collage.xib in Resources */,
				F23627AA1C5958E500E4AAB3 /* LaunchScreen.storyboard in Resources */,
				F23627A71C5958E500E4AAB3 /* Assets.xcassets in Resources */,
				F23627A51C5958E500E4AAB3 /* Main.storyboard in Resources */,
				F23627BE1C595E8100E4AAB3 /* Tweets.xib in Resources */,
				F23627C61C597CB200E4AAB3 /* TwitCell.xib in Resources */,
				F23627CE1C5982AD00E4AAB3 /* Scarlett-Johansson.jpg in Resources */,
			);
			runOnlyForDeploymentPostprocessing = 0;
		};
/* End PBXResourcesBuildPhase section */

/* Begin PBXSourcesBuildPhase section */
		F23627931C5958E500E4AAB3 /* Sources */ = {
			isa = PBXSourcesBuildPhase;
			buildActionMask = 2147483647;
			files = (
				F23627A21C5958E500E4AAB3 /* Home.m in Sources */,
				F23627C51C597CB200E4AAB3 /* TwitCell.m in Sources */,
				F236279F1C5958E500E4AAB3 /* AppDelegate.m in Sources */,
				F23627BD1C595E8100E4AAB3 /* Tweets.m in Sources */,
				F23627B51C59594A00E4AAB3 /* CAPSPageMenu.m in Sources */,
				F23627CB1C59823600E4AAB3 /* Collage.m in Sources */,
				F236279C1C5958E500E4AAB3 /* main.m in Sources */,
			);
			runOnlyForDeploymentPostprocessing = 0;
		};
/* End PBXSourcesBuildPhase section */

/* Begin PBXVariantGroup section */
		F23627A31C5958E500E4AAB3 /* Main.storyboard */ = {
			isa = PBXVariantGroup;
			children = (
				F23627A41C5958E500E4AAB3 /* Base */,
			);
			name = Main.storyboard;
			sourceTree = "<group>";
		};
		F23627A81C5958E500E4AAB3 /* LaunchScreen.storyboard */ = {
			isa = PBXVariantGroup;
			children = (
				F23627A91C5958E500E4AAB3 /* Base */,
			);
			name = LaunchScreen.storyboard;
			sourceTree = "<group>";
		};
/* End PBXVariantGroup section */

/* Begin XCBuildConfiguration section */
		F23627AC1C5958E500E4AAB3 /* Debug */ = {
			isa = XCBuildConfiguration;
			buildSettings = {
				ALWAYS_SEARCH_USER_PATHS = NO;
				CLANG_CXX_LANGUAGE_STANDARD = "gnu++0x";
				CLANG_CXX_LIBRARY = "libc++";
				CLANG_ENABLE_MODULES = YES;
				CLANG_ENABLE_OBJC_ARC = YES;
				CLANG_WARN_BOOL_CONVERSION = YES;
				CLANG_WARN_CONSTANT_CONVERSION = YES;
				CLANG_WARN_DIRECT_OBJC_ISA_USAGE = YES_ERROR;
				CLANG_WARN_EMPTY_BODY = YES;
				CLANG_WARN_ENUM_CONVERSION = YES;
				CLANG_WARN_INT_CONVERSION = YES;
				CLANG_WARN_OBJC_ROOT_CLASS = YES_ERROR;
				CLANG_WARN_UNREACHABLE_CODE = YES;
				CLANG_WARN__DUPLICATE_METHOD_MATCH = YES;
				"CODE_SIGN_IDENTITY[sdk=iphoneos*]" = "iPhone Developer";
				COPY_PHASE_STRIP = NO;
				DEBUG_INFORMATION_FORMAT = dwarf;
				ENABLE_STRICT_OBJC_MSGSEND = YES;
				ENABLE_TESTABILITY = YES;
				GCC_C_LANGUAGE_STANDARD = gnu99;
				GCC_DYNAMIC_NO_PIC = NO;
				GCC_NO_COMMON_BLOCKS = YES;
				GCC_OPTIMIZATION_LEVEL = 0;
				GCC_PREPROCESSOR_DEFINITIONS = (
					"DEBUG=1",
					"$(inherited)",
				);
				GCC_WARN_64_TO_32_BIT_CONVERSION = YES;
				GCC_WARN_ABOUT_RETURN_TYPE = YES_ERROR;
				GCC_WARN_UNDECLARED_SELECTOR = YES;
				GCC_WARN_UNINITIALIZED_AUTOS = YES_AGGRESSIVE;
				GCC_WARN_UNUSED_FUNCTION = YES;
				GCC_WARN_UNUSED_VARIABLE = YES;
				IPHONEOS_DEPLOYMENT_TARGET = 9.2;
				MTL_ENABLE_DEBUG_INFO = YES;
				ONLY_ACTIVE_ARCH = YES;
				SDKROOT = iphoneos;
			};
			name = Debug;
		};
		F23627AD1C5958E500E4AAB3 /* Release */ = {
			isa = XCBuildConfiguration;
			buildSettings = {
				ALWAYS_SEARCH_USER_PATHS = NO;
				CLANG_CXX_LANGUAGE_STANDARD = "gnu++0x";
				CLANG_CXX_LIBRARY = "libc++";
				CLANG_ENABLE_MODULES = YES;
				CLANG_ENABLE_OBJC_ARC = YES;
				CLANG_WARN_BOOL_CONVERSION = YES;
				CLANG_WARN_CONSTANT_CONVERSION = YES;
				CLANG_WARN_DIRECT_OBJC_ISA_USAGE = YES_ERROR;
				CLANG_WARN_EMPTY_BODY = YES;
				CLANG_WARN_ENUM_CONVERSION = YES;
				CLANG_WARN_INT_CONVERSION = YES;
				CLANG_WARN_OBJC_ROOT_CLASS = YES_ERROR;
				CLANG_WARN_UNREACHABLE_CODE = YES;
				CLANG_WARN__DUPLICATE_METHOD_MATCH = YES;
				"CODE_SIGN_IDENTITY[sdk=iphoneos*]" = "iPhone Developer";
				COPY_PHASE_STRIP = NO;
				DEBUG_INFORMATION_FORMAT = "dwarf-with-dsym";
				ENABLE_NS_ASSERTIONS = NO;
				ENABLE_STRICT_OBJC_MSGSEND = YES;
				GCC_C_LANGUAGE_STANDARD = gnu99;
				GCC_NO_COMMON_BLOCKS = YES;
				GCC_WARN_64_TO_32_BIT_CONVERSION = YES;
				GCC_WARN_ABOUT_RETURN_TYPE = YES_ERROR;
				GCC_WARN_UNDECLARED_SELECTOR = YES;
				GCC_WARN_UNINITIALIZED_AUTOS = YES_AGGRESSIVE;
				GCC_WARN_UNUSED_FUNCTION = YES;
				GCC_WARN_UNUSED_VARIABLE = YES;
				IPHONEOS_DEPLOYMENT_TARGET = 9.2;
				MTL_ENABLE_DEBUG_INFO = NO;
				SDKROOT = iphoneos;
				VALIDATE_PRODUCT = YES;
			};
			name = Release;
		};
		F23627AF1C5958E500E4AAB3 /* Debug */ = {
			isa = XCBuildConfiguration;
			buildSettings = {
				ASSETCATALOG_COMPILER_APPICON_NAME = AppIcon;
				INFOPLIST_FILE = Paging/Info.plist;
				LD_RUNPATH_SEARCH_PATHS = "$(inherited) @executable_path/Frameworks";
				PRODUCT_BUNDLE_IDENTIFIER = com.galileoguzman.Paging;
				PRODUCT_NAME = "$(TARGET_NAME)";
			};
			name = Debug;
		};
		F23627B01C5958E500E4AAB3 /* Release */ = {
			isa = XCBuildConfiguration;
			buildSettings = {
				ASSETCATALOG_COMPILER_APPICON_NAME = AppIcon;
				INFOPLIST_FILE = Paging/Info.plist;
				LD_RUNPATH_SEARCH_PATHS = "$(inherited) @executable_path/Frameworks";
				PRODUCT_BUNDLE_IDENTIFIER = com.galileoguzman.Paging;
				PRODUCT_NAME = "$(TARGET_NAME)";
			};
			name = Release;
		};
/* End XCBuildConfiguration section */

/* Begin XCConfigurationList section */
		F23627921C5958E500E4AAB3 /* Build configuration list for PBXProject "Paging" */ = {
			isa = XCConfigurationList;
			buildConfigurations = (
				F23627AC1C5958E500E4AAB3 /* Debug */,
				F23627AD1C5958E500E4AAB3 /* Release */,
			);
			defaultConfigurationIsVisible = 0;
			defaultConfigurationName = Release;
		};
		F23627AE1C5958E500E4AAB3 /* Build configuration list for PBXNativeTarget "Paging" */ = {
			isa = XCConfigurationList;
			buildConfigurations = (
				F23627AF1C5958E500E4AAB3 /* Debug */,
				F23627B01C5958E500E4AAB3 /* Release */,
			);
			defaultConfigurationIsVisible = 0;
		};
/* End XCConfigurationList section */
	};
	rootObject = F236278F1C5958E500E4AAB3 /* Project object */;
}
